
Microsoft Visual Studio Solution File, Format Version 12.00
# Visual Studio Version 16
VisualStudioVersion = 16.0.29926.136
MinimumVisualStudioVersion = 10.0.40219.1
Project("{FAE04EC0-301F-11D3-BF4B-00C04F79EFBC}") = "CSharpExamples", "CSharpExamples.csproj", "{784C1EC8-9423-4B9B-8B70-2C869B460D5D}"
EndProject
Global
	GlobalSection(SolutionConfigurationPlatforms) = preSolution
		Debug|Any CPU = Debug|Any CPU
		Release|Any CPU = Release|Any CPU
	EndGlobalSection
	GlobalSection(ProjectConfigurationPlatforms) = postSolution
		{784C1EC8-9423-4B9B-8B70-2C869B460D5D}.Debug|Any CPU.ActiveCfg = Debug|Any CPU
		{784C1EC8-9423-4B9B-8B70-2C869B460D5D}.Debug|Any CPU.Build.0 = Debug|Any CPU
		{784C1EC8-9423-4B9B-8B70-2C869B460D5D}.Release|Any CPU.ActiveCfg = Release|Any CPU
		{784C1EC8-9423-4B9B-8B70-2C869B460D5D}.Release|Any CPU.Build.0 = Release|Any CPU
	EndGlobalSection
	GlobalSection(SolutionProperties) = preSolution
		HideSolutionNode = FALSE
	EndGlobalSection
	GlobalSection(ExtensibilityGlobals) = postSolution
		SolutionGuid = {DE205AEF-F7FE-418D-A37F-C6F5D67E9A17}
	EndGlobalSection
EndGlobal
